
Microsoft Visual Studio Solution File, Format Version 12.00
# Visual Studio Version 17
VisualStudioVersion = 17.2.32616.157
MinimumVisualStudioVersion = 10.0.40219.1
Project("{FAE04EC0-301F-11D3-BF4B-00C04F79EFBC}") = "PostalCodeService", "PostalCodeService.csproj", "{A6117E6E-EC8A-42BF-B29D-513B9178BC6A}"
EndProject
Global
	GlobalSection(SolutionConfigurationPlatforms) = preSolution
		Debug|Any CPU = Debug|Any CPU
		Release|Any CPU = Release|Any CPU
	EndGlobalSection
	GlobalSection(ProjectConfigurationPlatforms) = postSolution
		{A6117E6E-EC8A-42BF-B29D-513B9178BC6A}.Debug|Any CPU.ActiveCfg = Debug|Any CPU
		{A6117E6E-EC8A-42BF-B29D-513B9178BC6A}.Debug|Any CPU.Build.0 = Debug|Any CPU
		{A6117E6E-EC8A-42BF-B29D-513B9178BC6A}.Release|Any CPU.ActiveCfg = Release|Any CPU
		{A6117E6E-EC8A-42BF-B29D-513B9178BC6A}.Release|Any CPU.Build.0 = Release|Any CPU
	EndGlobalSection
	GlobalSection(SolutionProperties) = preSolution
		HideSolutionNode = FALSE
	EndGlobalSection
	GlobalSection(ExtensibilityGlobals) = postSolution
		SolutionGuid = {2461B74B-C710-4183-AFBD-96FBA562EA30}
	EndGlobalSection
EndGlobal
